// !$*UTF8*$!
{
	archiveVersion = 1;
	classes = {
	};
	objectVersion = 51;
	objects = {

/* Begin PBXBuildFile section */
		0A21C292239EC1FE00C251F6 /* TextbookTableViewCell.swift in Sources */ = {isa = PBXBuildFile; fileRef = 0A21C291239EC1FE00C251F6 /* TextbookTableViewCell.swift */; };
		0A21C296239ED08F00C251F6 /* ShowTextbookViewController.swift in Sources */ = {isa = PBXBuildFile; fileRef = 0A21C295239ED08F00C251F6 /* ShowTextbookViewController.swift */; };
		0A24145C23971B8D00F90DAC /* GoogleService-Info.plist in Resources */ = {isa = PBXBuildFile; fileRef = 0A24145B23971B8D00F90DAC /* GoogleService-Info.plist */; };
		0A24145E2397718200F90DAC /* MyCurrentOffersViewController.swift in Sources */ = {isa = PBXBuildFile; fileRef = 0A24145D2397718200F90DAC /* MyCurrentOffersViewController.swift */; };
		0A2414602397855A00F90DAC /* TextbookDetailViewController.swift in Sources */ = {isa = PBXBuildFile; fileRef = 0A24145F2397855A00F90DAC /* TextbookDetailViewController.swift */; };
		0A241464239A53A100F90DAC /* Textbooks.swift in Sources */ = {isa = PBXBuildFile; fileRef = 0A241463239A53A100F90DAC /* Textbooks.swift */; };
		0A241466239A543C00F90DAC /* Textbook.swift in Sources */ = {isa = PBXBuildFile; fileRef = 0A241465239A543C00F90DAC /* Textbook.swift */; };
		0A27096E2395BF990036129B /* AppDelegate.swift in Sources */ = {isa = PBXBuildFile; fileRef = 0A27096D2395BF990036129B /* AppDelegate.swift */; };
		0A2709702395BF990036129B /* SceneDelegate.swift in Sources */ = {isa = PBXBuildFile; fileRef = 0A27096F2395BF990036129B /* SceneDelegate.swift */; };
		0A2709722395BF990036129B /* ViewController.swift in Sources */ = {isa = PBXBuildFile; fileRef = 0A2709712395BF990036129B /* ViewController.swift */; };
		0A2709752395BF990036129B /* Main.storyboard in Resources */ = {isa = PBXBuildFile; fileRef = 0A2709732395BF990036129B /* Main.storyboard */; };
		0A2709772395BF9B0036129B /* Assets.xcassets in Resources */ = {isa = PBXBuildFile; fileRef = 0A2709762395BF9B0036129B /* Assets.xcassets */; };
		0A27097A2395BF9B0036129B /* LaunchScreen.storyboard in Resources */ = {isa = PBXBuildFile; fileRef = 0A2709782395BF9B0036129B /* LaunchScreen.storyboard */; };
		9283267ED6BBF7E46EAEAF5D /* Pods_BC_Rental.framework in Frameworks */ = {isa = PBXBuildFile; fileRef = ABDD836329D6A0CE8C9A723E /* Pods_BC_Rental.framework */; };
/* End PBXBuildFile section */

/* Begin PBXFileReference section */
		0A21C291239EC1FE00C251F6 /* TextbookTableViewCell.swift */ = {isa = PBXFileReference; lastKnownFileType = sourcecode.swift; path = TextbookTableViewCell.swift; sourceTree = "<group>"; };
		0A21C295239ED08F00C251F6 /* ShowTextbookViewController.swift */ = {isa = PBXFileReference; lastKnownFileType = sourcecode.swift; path = ShowTextbookViewController.swift; sourceTree = "<group>"; };
		0A24145B23971B8D00F90DAC /* GoogleService-Info.plist */ = {isa = PBXFileReference; fileEncoding = 4; lastKnownFileType = text.plist.xml; name = "GoogleService-Info.plist"; path = "../../../Downloads/GoogleService-Info.plist"; sourceTree = "<group>"; };
		0A24145D2397718200F90DAC /* MyCurrentOffersViewController.swift */ = {isa = PBXFileReference; lastKnownFileType = sourcecode.swift; path = MyCurrentOffersViewController.swift; sourceTree = "<group>"; };
		0A24145F2397855A00F90DAC /* TextbookDetailViewController.swift */ = {isa = PBXFileReference; lastKnownFileType = sourcecode.swift; path = TextbookDetailViewController.swift; sourceTree = "<group>"; };
		0A241463239A53A100F90DAC /* Textbooks.swift */ = {isa = PBXFileReference; lastKnownFileType = sourcecode.swift; path = Textbooks.swift; sourceTree = "<group>"; };
		0A241465239A543C00F90DAC /* Textbook.swift */ = {isa = PBXFileReference; lastKnownFileType = sourcecode.swift; path = Textbook.swift; sourceTree = "<group>"; };
		0A27096A2395BF990036129B /* BC_Rental.app */ = {isa = PBXFileReference; explicitFileType = wrapper.application; includeInIndex = 0; path = BC_Rental.app; sourceTree = BUILT_PRODUCTS_DIR; };
		0A27096D2395BF990036129B /* AppDelegate.swift */ = {isa = PBXFileReference; lastKnownFileType = sourcecode.swift; path = AppDelegate.swift; sourceTree = "<group>"; };
		0A27096F2395BF990036129B /* SceneDelegate.swift */ = {isa = PBXFileReference; lastKnownFileType = sourcecode.swift; path = SceneDelegate.swift; sourceTree = "<group>"; };
		0A2709712395BF990036129B /* ViewController.swift */ = {isa = PBXFileReference; lastKnownFileType = sourcecode.swift; path = ViewController.swift; sourceTree = "<group>"; };
		0A2709742395BF990036129B /* Base */ = {isa = PBXFileReference; lastKnownFileType = file.storyboard; name = Base; path = Base.lproj/Main.storyboard; sourceTree = "<group>"; };
		0A2709762395BF9B0036129B /* Assets.xcassets */ = {isa = PBXFileReference; lastKnownFileType = folder.assetcatalog; path = Assets.xcassets; sourceTree = "<group>"; };
		0A2709792395BF9B0036129B /* Base */ = {isa = PBXFileReference; lastKnownFileType = file.storyboard; name = Base; path = Base.lproj/LaunchScreen.storyboard; sourceTree = "<group>"; };
		0A27097B2395BF9B0036129B /* Info.plist */ = {isa = PBXFileReference; lastKnownFileType = text.plist.xml; path = Info.plist; sourceTree = "<group>"; };
		3ED6A4E4B9CB2B4F9BD89557 /* Pods-BC_Rental.release.xcconfig */ = {isa = PBXFileReference; includeInIndex = 1; lastKnownFileType = text.xcconfig; name = "Pods-BC_Rental.release.xcconfig"; path = "Target Support Files/Pods-BC_Rental/Pods-BC_Rental.release.xcconfig"; sourceTree = "<group>"; };
		994B8D285943A50678BE5A05 /* Pods-BC_Rental.debug.xcconfig */ = {isa = PBXFileReference; includeInIndex = 1; lastKnownFileType = text.xcconfig; name = "Pods-BC_Rental.debug.xcconfig"; path = "Target Support Files/Pods-BC_Rental/Pods-BC_Rental.debug.xcconfig"; sourceTree = "<group>"; };
		ABDD836329D6A0CE8C9A723E /* Pods_BC_Rental.framework */ = {isa = PBXFileReference; explicitFileType = wrapper.framework; includeInIndex = 0; path = Pods_BC_Rental.framework; sourceTree = BUILT_PRODUCTS_DIR; };
/* End PBXFileReference section */

/* Begin PBXFrameworksBuildPhase section */
		0A2709672395BF990036129B /* Frameworks */ = {
			isa = PBXFrameworksBuildPhase;
			buildActionMask = 2147483647;
			files = (
				9283267ED6BBF7E46EAEAF5D /* Pods_BC_Rental.framework in Frameworks */,
			);
			runOnlyForDeploymentPostprocessing = 0;
		};
/* End PBXFrameworksBuildPhase section */

/* Begin PBXGroup section */
		0A2709612395BF990036129B = {
			isa = PBXGroup;
			children = (
				0A27096C2395BF990036129B /* BC_Rental */,
				0A27096B2395BF990036129B /* Products */,
				4032C1022A1947F43D7FD95F /* Pods */,
				4210DB6D24448F5CFB24D762 /* Frameworks */,
			);
			sourceTree = "<group>";
		};
		0A27096B2395BF990036129B /* Products */ = {
			isa = PBXGroup;
			children = (
				0A27096A2395BF990036129B /* BC_Rental.app */,
			);
			name = Products;
			sourceTree = "<group>";
		};
		0A27096C2395BF990036129B /* BC_Rental */ = {
			isa = PBXGroup;
			children = (
				0A27096D2395BF990036129B /* AppDelegate.swift */,
				0A27096F2395BF990036129B /* SceneDelegate.swift */,
				0A2709712395BF990036129B /* ViewController.swift */,
				0A21C295239ED08F00C251F6 /* ShowTextbookViewController.swift */,
				0A24145D2397718200F90DAC /* MyCurrentOffersViewController.swift */,
				0A24145F2397855A00F90DAC /* TextbookDetailViewController.swift */,
				0A241463239A53A100F90DAC /* Textbooks.swift */,
				0A21C291239EC1FE00C251F6 /* TextbookTableViewCell.swift */,
				0A241465239A543C00F90DAC /* Textbook.swift */,
				0A2709732395BF990036129B /* Main.storyboard */,
				0A2709762395BF9B0036129B /* Assets.xcassets */,
				0A2709782395BF9B0036129B /* LaunchScreen.storyboard */,
				0A24145B23971B8D00F90DAC /* GoogleService-Info.plist */,
				0A27097B2395BF9B0036129B /* Info.plist */,
			);
			path = BC_Rental;
			sourceTree = "<group>";
		};
		4032C1022A1947F43D7FD95F /* Pods */ = {
			isa = PBXGroup;
			children = (
				994B8D285943A50678BE5A05 /* Pods-BC_Rental.debug.xcconfig */,
				3ED6A4E4B9CB2B4F9BD89557 /* Pods-BC_Rental.release.xcconfig */,
			);
			path = Pods;
			sourceTree = "<group>";
		};
		4210DB6D24448F5CFB24D762 /* Frameworks */ = {
			isa = PBXGroup;
			children = (
				ABDD836329D6A0CE8C9A723E /* Pods_BC_Rental.framework */,
			);
			name = Frameworks;
			sourceTree = "<group>";
		};
/* End PBXGroup section */

/* Begin PBXNativeTarget section */
		0A2709692395BF990036129B /* BC_Rental */ = {
			isa = PBXNativeTarget;
			buildConfigurationList = 0A27097E2395BF9B0036129B /* Build configuration list for PBXNativeTarget "BC_Rental" */;
			buildPhases = (
				F2FF50CCE920C18B7412EE5D /* [CP] Check Pods Manifest.lock */,
				0A2709662395BF990036129B /* Sources */,
				0A2709672395BF990036129B /* Frameworks */,
				0A2709682395BF990036129B /* Resources */,
				E5C53D932902C25ACA300C9B /* [CP] Copy Pods Resources */,
				CD2EBFFBD4A4714D0E733A60 /* [CP] Embed Pods Frameworks */,
			);
			buildRules = (
			);
			dependencies = (
			);
			name = BC_Rental;
			productName = BC_Rental;
			productReference = 0A27096A2395BF990036129B /* BC_Rental.app */;
			productType = "com.apple.product-type.application";
		};
/* End PBXNativeTarget section */

/* Begin PBXProject section */
		0A2709622395BF990036129B /* Project object */ = {
			isa = PBXProject;
			attributes = {
				LastSwiftUpdateCheck = 1120;
				LastUpgradeCheck = 1120;
				ORGANIZATIONNAME = "Ellana Lawrence";
				TargetAttributes = {
					0A2709692395BF990036129B = {
						CreatedOnToolsVersion = 11.2.1;
					};
				};
			};
			buildConfigurationList = 0A2709652395BF990036129B /* Build configuration list for PBXProject "BC_Rental" */;
			compatibilityVersion = "Xcode 9.3";
			developmentRegion = en;
			hasScannedForEncodings = 0;
			knownRegions = (
				en,
				Base,
			);
			mainGroup = 0A2709612395BF990036129B;
			productRefGroup = 0A27096B2395BF990036129B /* Products */;
			projectDirPath = "";
			projectRoot = "";
			targets = (
				0A2709692395BF990036129B /* BC_Rental */,
			);
		};
/* End PBXProject section */

/* Begin PBXResourcesBuildPhase section */
		0A2709682395BF990036129B /* Resources */ = {
			isa = PBXResourcesBuildPhase;
			buildActionMask = 2147483647;
			files = (
				0A27097A2395BF9B0036129B /* LaunchScreen.storyboard in Resources */,
				0A24145C23971B8D00F90DAC /* GoogleService-Info.plist in Resources */,
				0A2709772395BF9B0036129B /* Assets.xcassets in Resources */,
				0A2709752395BF990036129B /* Main.storyboard in Resources */,
			);
			runOnlyForDeploymentPostprocessing = 0;
		};
/* End PBXResourcesBuildPhase section */

/* Begin PBXShellScriptBuildPhase section */
		CD2EBFFBD4A4714D0E733A60 /* [CP] Embed Pods Frameworks */ = {
			isa = PBXShellScriptBuildPhase;
			buildActionMask = 2147483647;
			files = (
			);
			inputFileListPaths = (
				"${PODS_ROOT}/Target Support Files/Pods-BC_Rental/Pods-BC_Rental-frameworks-${CONFIGURATION}-input-files.xcfilelist",
			);
			name = "[CP] Embed Pods Frameworks";
			outputFileListPaths = (
				"${PODS_ROOT}/Target Support Files/Pods-BC_Rental/Pods-BC_Rental-frameworks-${CONFIGURATION}-output-files.xcfilelist",
			);
			runOnlyForDeploymentPostprocessing = 0;
			shellPath = /bin/sh;
			shellScript = "\"${PODS_ROOT}/Target Support Files/Pods-BC_Rental/Pods-BC_Rental-frameworks.sh\"\n";
			showEnvVarsInLog = 0;
		};
		E5C53D932902C25ACA300C9B /* [CP] Copy Pods Resources */ = {
			isa = PBXShellScriptBuildPhase;
			buildActionMask = 2147483647;
			files = (
			);
			inputFileListPaths = (
				"${PODS_ROOT}/Target Support Files/Pods-BC_Rental/Pods-BC_Rental-resources-${CONFIGURATION}-input-files.xcfilelist",
			);
			name = "[CP] Copy Pods Resources";
			outputFileListPaths = (
				"${PODS_ROOT}/Target Support Files/Pods-BC_Rental/Pods-BC_Rental-resources-${CONFIGURATION}-output-files.xcfilelist",
			);
			runOnlyForDeploymentPostprocessing = 0;
			shellPath = /bin/sh;
			shellScript = "\"${PODS_ROOT}/Target Support Files/Pods-BC_Rental/Pods-BC_Rental-resources.sh\"\n";
			showEnvVarsInLog = 0;
		};
		F2FF50CCE920C18B7412EE5D /* [CP] Check Pods Manifest.lock */ = {
			isa = PBXShellScriptBuildPhase;
			buildActionMask = 2147483647;
			files = (
			);
			inputFileListPaths = (
			);
			inputPaths = (
				"${PODS_PODFILE_DIR_PATH}/Podfile.lock",
				"${PODS_ROOT}/Manifest.lock",
			);
			name = "[CP] Check Pods Manifest.lock";
			outputFileListPaths = (
			);
			outputPaths = (
				"$(DERIVED_FILE_DIR)/Pods-BC_Rental-checkManifestLockResult.txt",
			);
			runOnlyForDeploymentPostprocessing = 0;
			shellPath = /bin/sh;
			shellScript = "diff \"${PODS_PODFILE_DIR_PATH}/Podfile.lock\" \"${PODS_ROOT}/Manifest.lock\" > /dev/null\nif [ $? != 0 ] ; then\n    # print error to STDERR\n    echo \"error: The sandbox is not in sync with the Podfile.lock. Run 'pod install' or update your CocoaPods installation.\" >&2\n    exit 1\nfi\n# This output is used by Xcode 'outputs' to avoid re-running this script phase.\necho \"SUCCESS\" > \"${SCRIPT_OUTPUT_FILE_0}\"\n";
			showEnvVarsInLog = 0;
		};
/* End PBXShellScriptBuildPhase section */

/* Begin PBXSourcesBuildPhase section */
		0A2709662395BF990036129B /* Sources */ = {
			isa = PBXSourcesBuildPhase;
			buildActionMask = 2147483647;
			files = (
				0A2709722395BF990036129B /* ViewController.swift in Sources */,
				0A21C292239EC1FE00C251F6 /* TextbookTableViewCell.swift in Sources */,
				0A241466239A543C00F90DAC /* Textbook.swift in Sources */,
				0A21C296239ED08F00C251F6 /* ShowTextbookViewController.swift in Sources */,
				0A27096E2395BF990036129B /* AppDelegate.swift in Sources */,
				0A241464239A53A100F90DAC /* Textbooks.swift in Sources */,
				0A2414602397855A00F90DAC /* TextbookDetailViewController.swift in Sources */,
				0A2709702395BF990036129B /* SceneDelegate.swift in Sources */,
				0A24145E2397718200F90DAC /* MyCurrentOffersViewController.swift in Sources */,
			);
			runOnlyForDeploymentPostprocessing = 0;
		};
/* End PBXSourcesBuildPhase section */

/* Begin PBXVariantGroup section */
		0A2709732395BF990036129B /* Main.storyboard */ = {
			isa = PBXVariantGroup;
			children = (
				0A2709742395BF990036129B /* Base */,
			);
			name = Main.storyboard;
			sourceTree = "<group>";
		};
		0A2709782395BF9B0036129B /* LaunchScreen.storyboard */ = {
			isa = PBXVariantGroup;
			children = (
				0A2709792395BF9B0036129B /* Base */,
			);
			name = LaunchScreen.storyboard;
			sourceTree = "<group>";
		};
/* End PBXVariantGroup section */

/* Begin XCBuildConfiguration section */
		0A27097C2395BF9B0036129B /* Debug */ = {
			isa = XCBuildConfiguration;
			buildSettings = {
				ALWAYS_SEARCH_USER_PATHS = NO;
				CLANG_ANALYZER_NONNULL = YES;
				CLANG_ANALYZER_NUMBER_OBJECT_CONVERSION = YES_AGGRESSIVE;
				CLANG_CXX_LANGUAGE_STANDARD = "gnu++14";
				CLANG_CXX_LIBRARY = "libc++";
				CLANG_ENABLE_MODULES = YES;
				CLANG_ENABLE_OBJC_ARC = YES;
				CLANG_ENABLE_OBJC_WEAK = YES;
				CLANG_WARN_BLOCK_CAPTURE_AUTORELEASING = YES;
				CLANG_WARN_BOOL_CONVERSION = YES;
				CLANG_WARN_COMMA = YES;
				CLANG_WARN_CONSTANT_CONVERSION = YES;
				CLANG_WARN_DEPRECATED_OBJC_IMPLEMENTATIONS = YES;
				CLANG_WARN_DIRECT_OBJC_ISA_USAGE = YES_ERROR;
				CLANG_WARN_DOCUMENTATION_COMMENTS = YES;
				CLANG_WARN_EMPTY_BODY = YES;
				CLANG_WARN_ENUM_CONVERSION = YES;
				CLANG_WARN_INFINITE_RECURSION = YES;
				CLANG_WARN_INT_CONVERSION = YES;
				CLANG_WARN_NON_LITERAL_NULL_CONVERSION = YES;
				CLANG_WARN_OBJC_IMPLICIT_RETAIN_SELF = YES;
				CLANG_WARN_OBJC_LITERAL_CONVERSION = YES;
				CLANG_WARN_OBJC_ROOT_CLASS = YES_ERROR;
				CLANG_WARN_RANGE_LOOP_ANALYSIS = YES;
				CLANG_WARN_STRICT_PROTOTYPES = YES;
				CLANG_WARN_SUSPICIOUS_MOVE = YES;
				CLANG_WARN_UNGUARDED_AVAILABILITY = YES_AGGRESSIVE;
				CLANG_WARN_UNREACHABLE_CODE = YES;
				CLANG_WARN__DUPLICATE_METHOD_MATCH = YES;
				COPY_PHASE_STRIP = NO;
				DEBUG_INFORMATION_FORMAT = dwarf;
				ENABLE_STRICT_OBJC_MSGSEND = YES;
				ENABLE_TESTABILITY = YES;
				GCC_C_LANGUAGE_STANDARD = gnu11;
				GCC_DYNAMIC_NO_PIC = NO;
				GCC_NO_COMMON_BLOCKS = YES;
				GCC_OPTIMIZATION_LEVEL = 0;
				GCC_PREPROCESSOR_DEFINITIONS = (
					"DEBUG=1",
					"$(inherited)",
				);
				GCC_WARN_64_TO_32_BIT_CONVERSION = YES;
				GCC_WARN_ABOUT_RETURN_TYPE = YES_ERROR;
				GCC_WARN_UNDECLARED_SELECTOR = YES;
				GCC_WARN_UNINITIALIZED_AUTOS = YES_AGGRESSIVE;
				GCC_WARN_UNUSED_FUNCTION = YES;
				GCC_WARN_UNUSED_VARIABLE = YES;
				IPHONEOS_DEPLOYMENT_TARGET = 13.2;
				MTL_ENABLE_DEBUG_INFO = INCLUDE_SOURCE;
				MTL_FAST_MATH = YES;
				ONLY_ACTIVE_ARCH = YES;
				SDKROOT = iphoneos;
				SWIFT_ACTIVE_COMPILATION_CONDITIONS = DEBUG;
				SWIFT_OPTIMIZATION_LEVEL = "-Onone";
			};
			name = Debug;
		};
		0A27097D2395BF9B0036129B /* Release */ = {
			isa = XCBuildConfiguration;
			buildSettings = {
				ALWAYS_SEARCH_USER_PATHS = NO;
				CLANG_ANALYZER_NONNULL = YES;
				CLANG_ANALYZER_NUMBER_OBJECT_CONVERSION = YES_AGGRESSIVE;
				CLANG_CXX_LANGUAGE_STANDARD = "gnu++14";
				CLANG_CXX_LIBRARY = "libc++";
				CLANG_ENABLE_MODULES = YES;
				CLANG_ENABLE_OBJC_ARC = YES;
				CLANG_ENABLE_OBJC_WEAK = YES;
				CLANG_WARN_BLOCK_CAPTURE_AUTORELEASING = YES;
				CLANG_WARN_BOOL_CONVERSION = YES;
				CLANG_WARN_COMMA = YES;
				CLANG_WARN_CONSTANT_CONVERSION = YES;
				CLANG_WARN_DEPRECATED_OBJC_IMPLEMENTATIONS = YES;
				CLANG_WARN_DIRECT_OBJC_ISA_USAGE = YES_ERROR;
				CLANG_WARN_DOCUMENTATION_COMMENTS = YES;
				CLANG_WARN_EMPTY_BODY = YES;
				CLANG_WARN_ENUM_CONVERSION = YES;
				CLANG_WARN_INFINITE_RECURSION = YES;
				CLANG_WARN_INT_CONVERSION = YES;
				CLANG_WARN_NON_LITERAL_NULL_CONVERSION = YES;
				CLANG_WARN_OBJC_IMPLICIT_RETAIN_SELF = YES;
				CLANG_WARN_OBJC_LITERAL_CONVERSION = YES;
				CLANG_WARN_OBJC_ROOT_CLASS = YES_ERROR;
				CLANG_WARN_RANGE_LOOP_ANALYSIS = YES;
				CLANG_WARN_STRICT_PROTOTYPES = YES;
				CLANG_WARN_SUSPICIOUS_MOVE = YES;
				CLANG_WARN_UNGUARDED_AVAILABILITY = YES_AGGRESSIVE;
				CLANG_WARN_UNREACHABLE_CODE = YES;
				CLANG_WARN__DUPLICATE_METHOD_MATCH = YES;
				COPY_PHASE_STRIP = NO;
				DEBUG_INFORMATION_FORMAT = "dwarf-with-dsym";
				ENABLE_NS_ASSERTIONS = NO;
				ENABLE_STRICT_OBJC_MSGSEND = YES;
				GCC_C_LANGUAGE_STANDARD = gnu11;
				GCC_NO_COMMON_BLOCKS = YES;
				GCC_WARN_64_TO_32_BIT_CONVERSION = YES;
				GCC_WARN_ABOUT_RETURN_TYPE = YES_ERROR;
				GCC_WARN_UNDECLARED_SELECTOR = YES;
				GCC_WARN_UNINITIALIZED_AUTOS = YES_AGGRESSIVE;
				GCC_WARN_UNUSED_FUNCTION = YES;
				GCC_WARN_UNUSED_VARIABLE = YES;
				IPHONEOS_DEPLOYMENT_TARGET = 13.2;
				MTL_ENABLE_DEBUG_INFO = NO;
				MTL_FAST_MATH = YES;
				SDKROOT = iphoneos;
				SWIFT_COMPILATION_MODE = wholemodule;
				SWIFT_OPTIMIZATION_LEVEL = "-O";
				VALIDATE_PRODUCT = YES;
			};
			name = Release;
		};
		0A27097F2395BF9B0036129B /* Debug */ = {
			isa = XCBuildConfiguration;
			baseConfigurationReference = 994B8D285943A50678BE5A05 /* Pods-BC_Rental.debug.xcconfig */;
			buildSettings = {
				ASSETCATALOG_COMPILER_APPICON_NAME = AppIcon;
				CODE_SIGN_STYLE = Automatic;
				DEVELOPMENT_TEAM = R6K7HP7TSL;
				INFOPLIST_FILE = BC_Rental/Info.plist;
				LD_RUNPATH_SEARCH_PATHS = (
					"$(inherited)",
					"@executable_path/Frameworks",
				);
				PRODUCT_BUNDLE_IDENTIFIER = "com.lawrence.BC-Rental";
				PRODUCT_NAME = "$(TARGET_NAME)";
				SWIFT_VERSION = 5.0;
				TARGETED_DEVICE_FAMILY = "1,2";
			};
			name = Debug;
		};
		0A2709802395BF9B0036129B /* Release */ = {
			isa = XCBuildConfiguration;
			baseConfigurationReference = 3ED6A4E4B9CB2B4F9BD89557 /* Pods-BC_Rental.release.xcconfig */;
			buildSettings = {
				ASSETCATALOG_COMPILER_APPICON_NAME = AppIcon;
				CODE_SIGN_STYLE = Automatic;
				DEVELOPMENT_TEAM = R6K7HP7TSL;
				INFOPLIST_FILE = BC_Rental/Info.plist;
				LD_RUNPATH_SEARCH_PATHS = (
					"$(inherited)",
					"@executable_path/Frameworks",
				);
				PRODUCT_BUNDLE_IDENTIFIER = "com.lawrence.BC-Rental";
				PRODUCT_NAME = "$(TARGET_NAME)";
				SWIFT_VERSION = 5.0;
				TARGETED_DEVICE_FAMILY = "1,2";
			};
			name = Release;
		};
/* End XCBuildConfiguration section */

/* Begin XCConfigurationList section */
		0A2709652395BF990036129B /* Build configuration list for PBXProject "BC_Rental" */ = {
			isa = XCConfigurationList;
			buildConfigurations = (
				0A27097C2395BF9B0036129B /* Debug */,
				0A27097D2395BF9B0036129B /* Release */,
			);
			defaultConfigurationIsVisible = 0;
			defaultConfigurationName = Release;
		};
		0A27097E2395BF9B0036129B /* Build configuration list for PBXNativeTarget "BC_Rental" */ = {
			isa = XCConfigurationList;
			buildConfigurations = (
				0A27097F2395BF9B0036129B /* Debug */,
				0A2709802395BF9B0036129B /* Release */,
			);
			defaultConfigurationIsVisible = 0;
			defaultConfigurationName = Release;
		};
/* End XCConfigurationList section */
	};
	rootObject = 0A2709622395BF990036129B /* Project object */;
}
